// !$*UTF8*$!
{
	archiveVersion = 1;
	classes = {
	};
	objectVersion = 50;
	objects = {

/* Begin PBXBuildFile section */
		0A480FC62C7145C29A44472D /* Pods_SpotifyHelperiOS.framework in Frameworks */ = {isa = PBXBuildFile; fileRef = DDF228CDF8E88FA6DFF37364 /* Pods_SpotifyHelperiOS.framework */; };
		29D905B72123B86700C58406 /* AppDelegate.swift in Sources */ = {isa = PBXBuildFile; fileRef = 29D905B62123B86700C58406 /* AppDelegate.swift */; };
		29D905B92123B86700C58406 /* Top50ViewController.swift in Sources */ = {isa = PBXBuildFile; fileRef = 29D905B82123B86700C58406 /* Top50ViewController.swift */; };
		29D905BC2123B86700C58406 /* Main.storyboard in Resources */ = {isa = PBXBuildFile; fileRef = 29D905BA2123B86700C58406 /* Main.storyboard */; };
		29D905BE2123B86A00C58406 /* Assets.xcassets in Resources */ = {isa = PBXBuildFile; fileRef = 29D905BD2123B86A00C58406 /* Assets.xcassets */; };
		29D905C12123B86A00C58406 /* LaunchScreen.storyboard in Resources */ = {isa = PBXBuildFile; fileRef = 29D905BF2123B86A00C58406 /* LaunchScreen.storyboard */; };
		29D905CC2123B86A00C58406 /* SpotifyHelperiOSTests.swift in Sources */ = {isa = PBXBuildFile; fileRef = 29D905CB2123B86A00C58406 /* SpotifyHelperiOSTests.swift */; };
		29D905D72123B86A00C58406 /* SpotifyHelperiOSUITests.swift in Sources */ = {isa = PBXBuildFile; fileRef = 29D905D62123B86A00C58406 /* SpotifyHelperiOSUITests.swift */; };
		29D905F02123BB7900C58406 /* BridgeViewController.m in Sources */ = {isa = PBXBuildFile; fileRef = 29D905EF2123BB7900C58406 /* BridgeViewController.m */; };
		29D905F12123C46400C58406 /* AVFoundation.framework in Frameworks */ = {isa = PBXBuildFile; fileRef = 29D905EB2123B8F500C58406 /* AVFoundation.framework */; };
		29D905F22123C46E00C58406 /* SpotifyMetadata.framework in Frameworks */ = {isa = PBXBuildFile; fileRef = 29D905E52123B8A600C58406 /* SpotifyMetadata.framework */; };
		29D905F32123C46E00C58406 /* SpotifyAuthentication.framework in Frameworks */ = {isa = PBXBuildFile; fileRef = 29D905E72123B8A600C58406 /* SpotifyAuthentication.framework */; };
		29D905F42123C46E00C58406 /* SpotifyAudioPlayback.framework in Frameworks */ = {isa = PBXBuildFile; fileRef = 29D905E62123B8A600C58406 /* SpotifyAudioPlayback.framework */; };
		29D905F82123C4BA00C58406 /* SpotifyAuthentication.framework in Frameworks */ = {isa = PBXBuildFile; fileRef = 29D905F52123C4B800C58406 /* SpotifyAuthentication.framework */; };
		29D905F92123C4BA00C58406 /* SpotifyMetadata.framework in Frameworks */ = {isa = PBXBuildFile; fileRef = 29D905F62123C4B900C58406 /* SpotifyMetadata.framework */; };
		29D905FA2123C4BA00C58406 /* SpotifyAudioPlayback.framework in Frameworks */ = {isa = PBXBuildFile; fileRef = 29D905F72123C4BA00C58406 /* SpotifyAudioPlayback.framework */; };
		29D90603212AF27200C58406 /* SongWrapper.swift in Sources */ = {isa = PBXBuildFile; fileRef = 29D90602212AF27200C58406 /* SongWrapper.swift */; };
		29D90605212B825400C58406 /* Song.swift in Sources */ = {isa = PBXBuildFile; fileRef = 29D90604212B825400C58406 /* Song.swift */; };
		29D90607212B83F300C58406 /* Artist.swift in Sources */ = {isa = PBXBuildFile; fileRef = 29D90606212B83F300C58406 /* Artist.swift */; };
		29D90609212B840900C58406 /* Album.swift in Sources */ = {isa = PBXBuildFile; fileRef = 29D90608212B840900C58406 /* Album.swift */; };
		29D9060C212BCD9100C58406 /* Playback.swift in Sources */ = {isa = PBXBuildFile; fileRef = 29D9060B212BCD9000C58406 /* Playback.swift */; };
		29D90611212BD0F100C58406 /* play.png in Resources */ = {isa = PBXBuildFile; fileRef = 29D9060F212BD0F100C58406 /* play.png */; };
		29D90612212BD0F100C58406 /* pause.png in Resources */ = {isa = PBXBuildFile; fileRef = 29D90610212BD0F100C58406 /* pause.png */; };
		29D90615212C40A800C58406 /* next.png in Resources */ = {isa = PBXBuildFile; fileRef = 29D90613212C40A800C58406 /* next.png */; };
		29D90616212C40A800C58406 /* prev.png in Resources */ = {isa = PBXBuildFile; fileRef = 29D90614212C40A800C58406 /* prev.png */; };
		29D90618212C75AE00C58406 /* LoginViewController.swift in Sources */ = {isa = PBXBuildFile; fileRef = 29D90617212C75AE00C58406 /* LoginViewController.swift */; };
		29D9061B212C7CE500C58406 /* HomeViewController.swift in Sources */ = {isa = PBXBuildFile; fileRef = 29D9061A212C7CE500C58406 /* HomeViewController.swift */; };
		29D9061D212CCDFE00C58406 /* pin.png in Resources */ = {isa = PBXBuildFile; fileRef = 29D9061C212CCDFE00C58406 /* pin.png */; };
		29D9061F212CD6D900C58406 /* back.png in Resources */ = {isa = PBXBuildFile; fileRef = 29D9061E212CD6D900C58406 /* back.png */; };
		29D90625212D081E00C58406 /* artist.png in Resources */ = {isa = PBXBuildFile; fileRef = 29D90624212D081D00C58406 /* artist.png */; };
		74B4FA4BA7D191A00B79511C /* Pods_SpotifyHelperiOSTests.framework in Frameworks */ = {isa = PBXBuildFile; fileRef = 22F0B56B890527D468DCC1A5 /* Pods_SpotifyHelperiOSTests.framework */; };
		E461A6FB28273E2001036AC6 /* Pods_SpotifyHelperiOSUITests.framework in Frameworks */ = {isa = PBXBuildFile; fileRef = 0A97F5D80D0E251CB505D8E1 /* Pods_SpotifyHelperiOSUITests.framework */; };
/* End PBXBuildFile section */

/* Begin PBXContainerItemProxy section */
		29D905C82123B86A00C58406 /* PBXContainerItemProxy */ = {
			isa = PBXContainerItemProxy;
			containerPortal = 29D905AB2123B86700C58406 /* Project object */;
			proxyType = 1;
			remoteGlobalIDString = 29D905B22123B86700C58406;
			remoteInfo = SpotifyHelperiOS;
		};
		29D905D32123B86A00C58406 /* PBXContainerItemProxy */ = {
			isa = PBXContainerItemProxy;
			containerPortal = 29D905AB2123B86700C58406 /* Project object */;
			proxyType = 1;
			remoteGlobalIDString = 29D905B22123B86700C58406;
			remoteInfo = SpotifyHelperiOS;
		};
/* End PBXContainerItemProxy section */

/* Begin PBXFileReference section */
		07CC0E535C03A02296EC5DCF /* Pods-SpotifyHelperiOSTests.release.xcconfig */ = {isa = PBXFileReference; includeInIndex = 1; lastKnownFileType = text.xcconfig; name = "Pods-SpotifyHelperiOSTests.release.xcconfig"; path = "Pods/Target Support Files/Pods-SpotifyHelperiOSTests/Pods-SpotifyHelperiOSTests.release.xcconfig"; sourceTree = "<group>"; };
		0A97F5D80D0E251CB505D8E1 /* Pods_SpotifyHelperiOSUITests.framework */ = {isa = PBXFileReference; explicitFileType = wrapper.framework; includeInIndex = 0; path = Pods_SpotifyHelperiOSUITests.framework; sourceTree = BUILT_PRODUCTS_DIR; };
		22F0B56B890527D468DCC1A5 /* Pods_SpotifyHelperiOSTests.framework */ = {isa = PBXFileReference; explicitFileType = wrapper.framework; includeInIndex = 0; path = Pods_SpotifyHelperiOSTests.framework; sourceTree = BUILT_PRODUCTS_DIR; };
		29D905B32123B86700C58406 /* SpotifyHelperiOS.app */ = {isa = PBXFileReference; explicitFileType = wrapper.application; includeInIndex = 0; path = SpotifyHelperiOS.app; sourceTree = BUILT_PRODUCTS_DIR; };
		29D905B62123B86700C58406 /* AppDelegate.swift */ = {isa = PBXFileReference; lastKnownFileType = sourcecode.swift; path = AppDelegate.swift; sourceTree = "<group>"; };
		29D905B82123B86700C58406 /* Top50ViewController.swift */ = {isa = PBXFileReference; lastKnownFileType = sourcecode.swift; path = Top50ViewController.swift; sourceTree = "<group>"; };
		29D905BB2123B86700C58406 /* Base */ = {isa = PBXFileReference; lastKnownFileType = file.storyboard; name = Base; path = Base.lproj/Main.storyboard; sourceTree = "<group>"; };
		29D905BD2123B86A00C58406 /* Assets.xcassets */ = {isa = PBXFileReference; lastKnownFileType = folder.assetcatalog; path = Assets.xcassets; sourceTree = "<group>"; };
		29D905C02123B86A00C58406 /* Base */ = {isa = PBXFileReference; lastKnownFileType = file.storyboard; name = Base; path = Base.lproj/LaunchScreen.storyboard; sourceTree = "<group>"; };
		29D905C22123B86A00C58406 /* Info.plist */ = {isa = PBXFileReference; lastKnownFileType = text.plist.xml; path = Info.plist; sourceTree = "<group>"; };
		29D905C72123B86A00C58406 /* SpotifyHelperiOSTests.xctest */ = {isa = PBXFileReference; explicitFileType = wrapper.cfbundle; includeInIndex = 0; path = SpotifyHelperiOSTests.xctest; sourceTree = BUILT_PRODUCTS_DIR; };
		29D905CB2123B86A00C58406 /* SpotifyHelperiOSTests.swift */ = {isa = PBXFileReference; lastKnownFileType = sourcecode.swift; path = SpotifyHelperiOSTests.swift; sourceTree = "<group>"; };
		29D905CD2123B86A00C58406 /* Info.plist */ = {isa = PBXFileReference; lastKnownFileType = text.plist.xml; path = Info.plist; sourceTree = "<group>"; };
		29D905D22123B86A00C58406 /* SpotifyHelperiOSUITests.xctest */ = {isa = PBXFileReference; explicitFileType = wrapper.cfbundle; includeInIndex = 0; path = SpotifyHelperiOSUITests.xctest; sourceTree = BUILT_PRODUCTS_DIR; };
		29D905D62123B86A00C58406 /* SpotifyHelperiOSUITests.swift */ = {isa = PBXFileReference; lastKnownFileType = sourcecode.swift; path = SpotifyHelperiOSUITests.swift; sourceTree = "<group>"; };
		29D905D82123B86A00C58406 /* Info.plist */ = {isa = PBXFileReference; lastKnownFileType = text.plist.xml; path = Info.plist; sourceTree = "<group>"; };
		29D905E52123B8A600C58406 /* SpotifyMetadata.framework */ = {isa = PBXFileReference; lastKnownFileType = wrapper.framework; name = SpotifyMetadata.framework; path = "../../Users/jb/Downloads/ios-sdk-beta-25/SpotifyMetadata.framework"; sourceTree = "<group>"; };
		29D905E62123B8A600C58406 /* SpotifyAudioPlayback.framework */ = {isa = PBXFileReference; lastKnownFileType = wrapper.framework; name = SpotifyAudioPlayback.framework; path = "../../Users/jb/Downloads/ios-sdk-beta-25/SpotifyAudioPlayback.framework"; sourceTree = "<group>"; };
		29D905E72123B8A600C58406 /* SpotifyAuthentication.framework */ = {isa = PBXFileReference; lastKnownFileType = wrapper.framework; name = SpotifyAuthentication.framework; path = "../../Users/jb/Downloads/ios-sdk-beta-25/SpotifyAuthentication.framework"; sourceTree = "<group>"; };
		29D905EB2123B8F500C58406 /* AVFoundation.framework */ = {isa = PBXFileReference; lastKnownFileType = wrapper.framework; name = AVFoundation.framework; path = System/Library/Frameworks/AVFoundation.framework; sourceTree = SDKROOT; };
		29D905ED2123BB7900C58406 /* SpotifyHelperiOS-Bridging-Header.h */ = {isa = PBXFileReference; lastKnownFileType = sourcecode.c.h; path = "SpotifyHelperiOS-Bridging-Header.h"; sourceTree = "<group>"; };
		29D905EE2123BB7900C58406 /* BridgeViewController.h */ = {isa = PBXFileReference; lastKnownFileType = sourcecode.c.h; path = BridgeViewController.h; sourceTree = "<group>"; };
		29D905EF2123BB7900C58406 /* BridgeViewController.m */ = {isa = PBXFileReference; lastKnownFileType = sourcecode.c.objc; path = BridgeViewController.m; sourceTree = "<group>"; };
		29D905F52123C4B800C58406 /* SpotifyAuthentication.framework */ = {isa = PBXFileReference; lastKnownFileType = wrapper.framework; path = SpotifyAuthentication.framework; sourceTree = "<group>"; };
		29D905F62123C4B900C58406 /* SpotifyMetadata.framework */ = {isa = PBXFileReference; lastKnownFileType = wrapper.framework; path = SpotifyMetadata.framework; sourceTree = "<group>"; };
		29D905F72123C4BA00C58406 /* SpotifyAudioPlayback.framework */ = {isa = PBXFileReference; lastKnownFileType = wrapper.framework; path = SpotifyAudioPlayback.framework; sourceTree = "<group>"; };
		29D90602212AF27200C58406 /* SongWrapper.swift */ = {isa = PBXFileReference; lastKnownFileType = sourcecode.swift; path = SongWrapper.swift; sourceTree = "<group>"; };
		29D90604212B825400C58406 /* Song.swift */ = {isa = PBXFileReference; lastKnownFileType = sourcecode.swift; path = Song.swift; sourceTree = "<group>"; };
		29D90606212B83F300C58406 /* Artist.swift */ = {isa = PBXFileReference; lastKnownFileType = sourcecode.swift; path = Artist.swift; sourceTree = "<group>"; };
		29D90608212B840900C58406 /* Album.swift */ = {isa = PBXFileReference; lastKnownFileType = sourcecode.swift; path = Album.swift; sourceTree = "<group>"; };
		29D9060B212BCD9000C58406 /* Playback.swift */ = {isa = PBXFileReference; lastKnownFileType = sourcecode.swift; path = Playback.swift; sourceTree = "<group>"; };
		29D9060F212BD0F100C58406 /* play.png */ = {isa = PBXFileReference; lastKnownFileType = image.png; path = play.png; sourceTree = "<group>"; };
		29D90610212BD0F100C58406 /* pause.png */ = {isa = PBXFileReference; lastKnownFileType = image.png; path = pause.png; sourceTree = "<group>"; };
		29D90613212C40A800C58406 /* next.png */ = {isa = PBXFileReference; lastKnownFileType = image.png; path = next.png; sourceTree = "<group>"; };
		29D90614212C40A800C58406 /* prev.png */ = {isa = PBXFileReference; lastKnownFileType = image.png; path = prev.png; sourceTree = "<group>"; };
		29D90617212C75AE00C58406 /* LoginViewController.swift */ = {isa = PBXFileReference; lastKnownFileType = sourcecode.swift; path = LoginViewController.swift; sourceTree = "<group>"; };
		29D9061A212C7CE500C58406 /* HomeViewController.swift */ = {isa = PBXFileReference; lastKnownFileType = sourcecode.swift; path = HomeViewController.swift; sourceTree = "<group>"; };
		29D9061C212CCDFE00C58406 /* pin.png */ = {isa = PBXFileReference; lastKnownFileType = image.png; path = pin.png; sourceTree = "<group>"; };
		29D9061E212CD6D900C58406 /* back.png */ = {isa = PBXFileReference; lastKnownFileType = image.png; path = back.png; sourceTree = "<group>"; };
		29D90624212D081D00C58406 /* artist.png */ = {isa = PBXFileReference; lastKnownFileType = image.png; path = artist.png; sourceTree = "<group>"; };
		44712C629140AC9369EBE34C /* Pods-SpotifyHelperiOS.debug.xcconfig */ = {isa = PBXFileReference; includeInIndex = 1; lastKnownFileType = text.xcconfig; name = "Pods-SpotifyHelperiOS.debug.xcconfig"; path = "Pods/Target Support Files/Pods-SpotifyHelperiOS/Pods-SpotifyHelperiOS.debug.xcconfig"; sourceTree = "<group>"; };
		5CF93048209AE9527D694751 /* Pods-SpotifyHelperiOS.release.xcconfig */ = {isa = PBXFileReference; includeInIndex = 1; lastKnownFileType = text.xcconfig; name = "Pods-SpotifyHelperiOS.release.xcconfig"; path = "Pods/Target Support Files/Pods-SpotifyHelperiOS/Pods-SpotifyHelperiOS.release.xcconfig"; sourceTree = "<group>"; };
		A1CD836A2F62B2D20355A2EA /* Pods-SpotifyHelperiOSUITests.debug.xcconfig */ = {isa = PBXFileReference; includeInIndex = 1; lastKnownFileType = text.xcconfig; name = "Pods-SpotifyHelperiOSUITests.debug.xcconfig"; path = "Pods/Target Support Files/Pods-SpotifyHelperiOSUITests/Pods-SpotifyHelperiOSUITests.debug.xcconfig"; sourceTree = "<group>"; };
		DCC94024BD99C06970651F54 /* Pods-SpotifyHelperiOSTests.debug.xcconfig */ = {isa = PBXFileReference; includeInIndex = 1; lastKnownFileType = text.xcconfig; name = "Pods-SpotifyHelperiOSTests.debug.xcconfig"; path = "Pods/Target Support Files/Pods-SpotifyHelperiOSTests/Pods-SpotifyHelperiOSTests.debug.xcconfig"; sourceTree = "<group>"; };
		DDF228CDF8E88FA6DFF37364 /* Pods_SpotifyHelperiOS.framework */ = {isa = PBXFileReference; explicitFileType = wrapper.framework; includeInIndex = 0; path = Pods_SpotifyHelperiOS.framework; sourceTree = BUILT_PRODUCTS_DIR; };
		DE758F88CED0E185AC8D81F2 /* Pods-SpotifyHelperiOSUITests.release.xcconfig */ = {isa = PBXFileReference; includeInIndex = 1; lastKnownFileType = text.xcconfig; name = "Pods-SpotifyHelperiOSUITests.release.xcconfig"; path = "Pods/Target Support Files/Pods-SpotifyHelperiOSUITests/Pods-SpotifyHelperiOSUITests.release.xcconfig"; sourceTree = "<group>"; };
/* End PBXFileReference section */

/* Begin PBXFrameworksBuildPhase section */
		29D905B02123B86700C58406 /* Frameworks */ = {
			isa = PBXFrameworksBuildPhase;
			buildActionMask = 2147483647;
			files = (
				29D905F82123C4BA00C58406 /* SpotifyAuthentication.framework in Frameworks */,
				29D905F12123C46400C58406 /* AVFoundation.framework in Frameworks */,
				29D905FA2123C4BA00C58406 /* SpotifyAudioPlayback.framework in Frameworks */,
				29D905F22123C46E00C58406 /* SpotifyMetadata.framework in Frameworks */,
				29D905F32123C46E00C58406 /* SpotifyAuthentication.framework in Frameworks */,
				29D905F92123C4BA00C58406 /* SpotifyMetadata.framework in Frameworks */,
				29D905F42123C46E00C58406 /* SpotifyAudioPlayback.framework in Frameworks */,
				0A480FC62C7145C29A44472D /* Pods_SpotifyHelperiOS.framework in Frameworks */,
			);
			runOnlyForDeploymentPostprocessing = 0;
		};
		29D905C42123B86A00C58406 /* Frameworks */ = {
			isa = PBXFrameworksBuildPhase;
			buildActionMask = 2147483647;
			files = (
				74B4FA4BA7D191A00B79511C /* Pods_SpotifyHelperiOSTests.framework in Frameworks */,
			);
			runOnlyForDeploymentPostprocessing = 0;
		};
		29D905CF2123B86A00C58406 /* Frameworks */ = {
			isa = PBXFrameworksBuildPhase;
			buildActionMask = 2147483647;
			files = (
				E461A6FB28273E2001036AC6 /* Pods_SpotifyHelperiOSUITests.framework in Frameworks */,
			);
			runOnlyForDeploymentPostprocessing = 0;
		};
/* End PBXFrameworksBuildPhase section */

/* Begin PBXGroup section */
		29D905AA2123B86700C58406 = {
			isa = PBXGroup;
			children = (
				29D905F72123C4BA00C58406 /* SpotifyAudioPlayback.framework */,
				29D905F52123C4B800C58406 /* SpotifyAuthentication.framework */,
				29D905F62123C4B900C58406 /* SpotifyMetadata.framework */,
				29D905B52123B86700C58406 /* SpotifyHelperiOS */,
				29D905CA2123B86A00C58406 /* SpotifyHelperiOSTests */,
				29D905D52123B86A00C58406 /* SpotifyHelperiOSUITests */,
				29D905B42123B86700C58406 /* Products */,
				29D905E42123B8A500C58406 /* Frameworks */,
				A8740834B78DA8D080F86947 /* Pods */,
			);
			sourceTree = "<group>";
		};
		29D905B42123B86700C58406 /* Products */ = {
			isa = PBXGroup;
			children = (
				29D905B32123B86700C58406 /* SpotifyHelperiOS.app */,
				29D905C72123B86A00C58406 /* SpotifyHelperiOSTests.xctest */,
				29D905D22123B86A00C58406 /* SpotifyHelperiOSUITests.xctest */,
			);
			name = Products;
			sourceTree = "<group>";
		};
		29D905B52123B86700C58406 /* SpotifyHelperiOS */ = {
			isa = PBXGroup;
			children = (
				29D90619212C761700C58406 /* views */,
				29D9060D212BCF6F00C58406 /* public */,
				29D9060A212B840F00C58406 /* to */,
				29D905B62123B86700C58406 /* AppDelegate.swift */,
				29D905BA2123B86700C58406 /* Main.storyboard */,
				29D905BD2123B86A00C58406 /* Assets.xcassets */,
				29D905BF2123B86A00C58406 /* LaunchScreen.storyboard */,
				29D905C22123B86A00C58406 /* Info.plist */,
				29D905EE2123BB7900C58406 /* BridgeViewController.h */,
				29D905EF2123BB7900C58406 /* BridgeViewController.m */,
				29D905ED2123BB7900C58406 /* SpotifyHelperiOS-Bridging-Header.h */,
				29D9060B212BCD9000C58406 /* Playback.swift */,
			);
			path = SpotifyHelperiOS;
			sourceTree = "<group>";
		};
		29D905CA2123B86A00C58406 /* SpotifyHelperiOSTests */ = {
			isa = PBXGroup;
			children = (
				29D905CB2123B86A00C58406 /* SpotifyHelperiOSTests.swift */,
				29D905CD2123B86A00C58406 /* Info.plist */,
			);
			path = SpotifyHelperiOSTests;
			sourceTree = "<group>";
		};
		29D905D52123B86A00C58406 /* SpotifyHelperiOSUITests */ = {
			isa = PBXGroup;
			children = (
				29D905D62123B86A00C58406 /* SpotifyHelperiOSUITests.swift */,
				29D905D82123B86A00C58406 /* Info.plist */,
			);
			path = SpotifyHelperiOSUITests;
			sourceTree = "<group>";
		};
		29D905E42123B8A500C58406 /* Frameworks */ = {
			isa = PBXGroup;
			children = (
				29D905EB2123B8F500C58406 /* AVFoundation.framework */,
				29D905E62123B8A600C58406 /* SpotifyAudioPlayback.framework */,
				29D905E72123B8A600C58406 /* SpotifyAuthentication.framework */,
				29D905E52123B8A600C58406 /* SpotifyMetadata.framework */,
				DDF228CDF8E88FA6DFF37364 /* Pods_SpotifyHelperiOS.framework */,
				22F0B56B890527D468DCC1A5 /* Pods_SpotifyHelperiOSTests.framework */,
				0A97F5D80D0E251CB505D8E1 /* Pods_SpotifyHelperiOSUITests.framework */,
			);
			name = Frameworks;
			sourceTree = "<group>";
		};
		29D9060A212B840F00C58406 /* to */ = {
			isa = PBXGroup;
			children = (
				29D90602212AF27200C58406 /* SongWrapper.swift */,
				29D90604212B825400C58406 /* Song.swift */,
				29D90606212B83F300C58406 /* Artist.swift */,
				29D90608212B840900C58406 /* Album.swift */,
			);
			path = to;
			sourceTree = "<group>";
		};
		29D9060D212BCF6F00C58406 /* public */ = {
			isa = PBXGroup;
			children = (
				29D9060E212BCF7800C58406 /* img */,
			);
			path = public;
			sourceTree = "<group>";
		};
		29D9060E212BCF7800C58406 /* img */ = {
			isa = PBXGroup;
			children = (
				29D90624212D081D00C58406 /* artist.png */,
				29D9061E212CD6D900C58406 /* back.png */,
				29D9061C212CCDFE00C58406 /* pin.png */,
				29D90614212C40A800C58406 /* prev.png */,
				29D90613212C40A800C58406 /* next.png */,
				29D90610212BD0F100C58406 /* pause.png */,
				29D9060F212BD0F100C58406 /* play.png */,
			);
			path = img;
			sourceTree = "<group>";
		};
		29D90619212C761700C58406 /* views */ = {
			isa = PBXGroup;
			children = (
				29D90617212C75AE00C58406 /* LoginViewController.swift */,
				29D905B82123B86700C58406 /* Top50ViewController.swift */,
				29D9061A212C7CE500C58406 /* HomeViewController.swift */,
			);
			path = views;
			sourceTree = "<group>";
		};
		A8740834B78DA8D080F86947 /* Pods */ = {
			isa = PBXGroup;
			children = (
				44712C629140AC9369EBE34C /* Pods-SpotifyHelperiOS.debug.xcconfig */,
				5CF93048209AE9527D694751 /* Pods-SpotifyHelperiOS.release.xcconfig */,
				DCC94024BD99C06970651F54 /* Pods-SpotifyHelperiOSTests.debug.xcconfig */,
				07CC0E535C03A02296EC5DCF /* Pods-SpotifyHelperiOSTests.release.xcconfig */,
				A1CD836A2F62B2D20355A2EA /* Pods-SpotifyHelperiOSUITests.debug.xcconfig */,
				DE758F88CED0E185AC8D81F2 /* Pods-SpotifyHelperiOSUITests.release.xcconfig */,
			);
			name = Pods;
			sourceTree = "<group>";
		};
/* End PBXGroup section */

/* Begin PBXNativeTarget section */
		29D905B22123B86700C58406 /* SpotifyHelperiOS */ = {
			isa = PBXNativeTarget;
			buildConfigurationList = 29D905DB2123B86A00C58406 /* Build configuration list for PBXNativeTarget "SpotifyHelperiOS" */;
			buildPhases = (
				FBA39936F26F5F6A804DB5CA /* [CP] Check Pods Manifest.lock */,
				29D905AF2123B86700C58406 /* Sources */,
				29D905B02123B86700C58406 /* Frameworks */,
				29D905B12123B86700C58406 /* Resources */,
				00C38DEBD6BB61A0C1B35379 /* [CP] Embed Pods Frameworks */,
			);
			buildRules = (
			);
			dependencies = (
			);
			name = SpotifyHelperiOS;
			productName = SpotifyHelperiOS;
			productReference = 29D905B32123B86700C58406 /* SpotifyHelperiOS.app */;
			productType = "com.apple.product-type.application";
		};
		29D905C62123B86A00C58406 /* SpotifyHelperiOSTests */ = {
			isa = PBXNativeTarget;
			buildConfigurationList = 29D905DE2123B86A00C58406 /* Build configuration list for PBXNativeTarget "SpotifyHelperiOSTests" */;
			buildPhases = (
				3965604CC5D1056AC6342085 /* [CP] Check Pods Manifest.lock */,
				29D905C32123B86A00C58406 /* Sources */,
				29D905C42123B86A00C58406 /* Frameworks */,
				29D905C52123B86A00C58406 /* Resources */,
			);
			buildRules = (
			);
			dependencies = (
				29D905C92123B86A00C58406 /* PBXTargetDependency */,
			);
			name = SpotifyHelperiOSTests;
			productName = SpotifyHelperiOSTests;
			productReference = 29D905C72123B86A00C58406 /* SpotifyHelperiOSTests.xctest */;
			productType = "com.apple.product-type.bundle.unit-test";
		};
		29D905D12123B86A00C58406 /* SpotifyHelperiOSUITests */ = {
			isa = PBXNativeTarget;
			buildConfigurationList = 29D905E12123B86A00C58406 /* Build configuration list for PBXNativeTarget "SpotifyHelperiOSUITests" */;
			buildPhases = (
				AB6E5AAF64FDEB81C2690CE5 /* [CP] Check Pods Manifest.lock */,
				29D905CE2123B86A00C58406 /* Sources */,
				29D905CF2123B86A00C58406 /* Frameworks */,
				29D905D02123B86A00C58406 /* Resources */,
			);
			buildRules = (
			);
			dependencies = (
				29D905D42123B86A00C58406 /* PBXTargetDependency */,
			);
			name = SpotifyHelperiOSUITests;
			productName = SpotifyHelperiOSUITests;
			productReference = 29D905D22123B86A00C58406 /* SpotifyHelperiOSUITests.xctest */;
			productType = "com.apple.product-type.bundle.ui-testing";
		};
/* End PBXNativeTarget section */

/* Begin PBXProject section */
		29D905AB2123B86700C58406 /* Project object */ = {
			isa = PBXProject;
			attributes = {
				LastSwiftUpdateCheck = 0930;
				LastUpgradeCheck = 0930;
				ORGANIZATIONNAME = "TechLabs LLC";
				TargetAttributes = {
					29D905B22123B86700C58406 = {
						CreatedOnToolsVersion = 9.3;
						LastSwiftMigration = 0930;
					};
					29D905C62123B86A00C58406 = {
						CreatedOnToolsVersion = 9.3;
						TestTargetID = 29D905B22123B86700C58406;
					};
					29D905D12123B86A00C58406 = {
						CreatedOnToolsVersion = 9.3;
						TestTargetID = 29D905B22123B86700C58406;
					};
				};
			};
			buildConfigurationList = 29D905AE2123B86700C58406 /* Build configuration list for PBXProject "SpotifyHelperiOS" */;
			compatibilityVersion = "Xcode 9.3";
			developmentRegion = en;
			hasScannedForEncodings = 0;
			knownRegions = (
				en,
				Base,
			);
			mainGroup = 29D905AA2123B86700C58406;
			productRefGroup = 29D905B42123B86700C58406 /* Products */;
			projectDirPath = "";
			projectRoot = "";
			targets = (
				29D905B22123B86700C58406 /* SpotifyHelperiOS */,
				29D905C62123B86A00C58406 /* SpotifyHelperiOSTests */,
				29D905D12123B86A00C58406 /* SpotifyHelperiOSUITests */,
			);
		};
/* End PBXProject section */

/* Begin PBXResourcesBuildPhase section */
		29D905B12123B86700C58406 /* Resources */ = {
			isa = PBXResourcesBuildPhase;
			buildActionMask = 2147483647;
			files = (
				29D905C12123B86A00C58406 /* LaunchScreen.storyboard in Resources */,
				29D90611212BD0F100C58406 /* play.png in Resources */,
				29D905BE2123B86A00C58406 /* Assets.xcassets in Resources */,
				29D905BC2123B86700C58406 /* Main.storyboard in Resources */,
				29D9061D212CCDFE00C58406 /* pin.png in Resources */,
				29D9061F212CD6D900C58406 /* back.png in Resources */,
				29D90612212BD0F100C58406 /* pause.png in Resources */,
				29D90616212C40A800C58406 /* prev.png in Resources */,
				29D90615212C40A800C58406 /* next.png in Resources */,
				29D90625212D081E00C58406 /* artist.png in Resources */,
			);
			runOnlyForDeploymentPostprocessing = 0;
		};
		29D905C52123B86A00C58406 /* Resources */ = {
			isa = PBXResourcesBuildPhase;
			buildActionMask = 2147483647;
			files = (
			);
			runOnlyForDeploymentPostprocessing = 0;
		};
		29D905D02123B86A00C58406 /* Resources */ = {
			isa = PBXResourcesBuildPhase;
			buildActionMask = 2147483647;
			files = (
			);
			runOnlyForDeploymentPostprocessing = 0;
		};
/* End PBXResourcesBuildPhase section */

/* Begin PBXShellScriptBuildPhase section */
		00C38DEBD6BB61A0C1B35379 /* [CP] Embed Pods Frameworks */ = {
			isa = PBXShellScriptBuildPhase;
			buildActionMask = 2147483647;
			files = (
			);
			inputPaths = (
				"${SRCROOT}/Pods/Target Support Files/Pods-SpotifyHelperiOS/Pods-SpotifyHelperiOS-frameworks.sh",
				"${BUILT_PRODUCTS_DIR}/SDWebImage/SDWebImage.framework",
			);
			name = "[CP] Embed Pods Frameworks";
			outputPaths = (
				"${TARGET_BUILD_DIR}/${FRAMEWORKS_FOLDER_PATH}/SDWebImage.framework",
			);
			runOnlyForDeploymentPostprocessing = 0;
			shellPath = /bin/sh;
			shellScript = "\"${SRCROOT}/Pods/Target Support Files/Pods-SpotifyHelperiOS/Pods-SpotifyHelperiOS-frameworks.sh\"\n";
			showEnvVarsInLog = 0;
		};
		3965604CC5D1056AC6342085 /* [CP] Check Pods Manifest.lock */ = {
			isa = PBXShellScriptBuildPhase;
			buildActionMask = 2147483647;
			files = (
			);
			inputPaths = (
				"${PODS_PODFILE_DIR_PATH}/Podfile.lock",
				"${PODS_ROOT}/Manifest.lock",
			);
			name = "[CP] Check Pods Manifest.lock";
			outputPaths = (
				"$(DERIVED_FILE_DIR)/Pods-SpotifyHelperiOSTests-checkManifestLockResult.txt",
			);
			runOnlyForDeploymentPostprocessing = 0;
			shellPath = /bin/sh;
			shellScript = "diff \"${PODS_PODFILE_DIR_PATH}/Podfile.lock\" \"${PODS_ROOT}/Manifest.lock\" > /dev/null\nif [ $? != 0 ] ; then\n    # print error to STDERR\n    echo \"error: The sandbox is not in sync with the Podfile.lock. Run 'pod install' or update your CocoaPods installation.\" >&2\n    exit 1\nfi\n# This output is used by Xcode 'outputs' to avoid re-running this script phase.\necho \"SUCCESS\" > \"${SCRIPT_OUTPUT_FILE_0}\"\n";
			showEnvVarsInLog = 0;
		};
		AB6E5AAF64FDEB81C2690CE5 /* [CP] Check Pods Manifest.lock */ = {
			isa = PBXShellScriptBuildPhase;
			buildActionMask = 2147483647;
			files = (
			);
			inputPaths = (
				"${PODS_PODFILE_DIR_PATH}/Podfile.lock",
				"${PODS_ROOT}/Manifest.lock",
			);
			name = "[CP] Check Pods Manifest.lock";
			outputPaths = (
				"$(DERIVED_FILE_DIR)/Pods-SpotifyHelperiOSUITests-checkManifestLockResult.txt",
			);
			runOnlyForDeploymentPostprocessing = 0;
			shellPath = /bin/sh;
			shellScript = "diff \"${PODS_PODFILE_DIR_PATH}/Podfile.lock\" \"${PODS_ROOT}/Manifest.lock\" > /dev/null\nif [ $? != 0 ] ; then\n    # print error to STDERR\n    echo \"error: The sandbox is not in sync with the Podfile.lock. Run 'pod install' or update your CocoaPods installation.\" >&2\n    exit 1\nfi\n# This output is used by Xcode 'outputs' to avoid re-running this script phase.\necho \"SUCCESS\" > \"${SCRIPT_OUTPUT_FILE_0}\"\n";
			showEnvVarsInLog = 0;
		};
		FBA39936F26F5F6A804DB5CA /* [CP] Check Pods Manifest.lock */ = {
			isa = PBXShellScriptBuildPhase;
			buildActionMask = 2147483647;
			files = (
			);
			inputPaths = (
				"${PODS_PODFILE_DIR_PATH}/Podfile.lock",
				"${PODS_ROOT}/Manifest.lock",
			);
			name = "[CP] Check Pods Manifest.lock";
			outputPaths = (
				"$(DERIVED_FILE_DIR)/Pods-SpotifyHelperiOS-checkManifestLockResult.txt",
			);
			runOnlyForDeploymentPostprocessing = 0;
			shellPath = /bin/sh;
			shellScript = "diff \"${PODS_PODFILE_DIR_PATH}/Podfile.lock\" \"${PODS_ROOT}/Manifest.lock\" > /dev/null\nif [ $? != 0 ] ; then\n    # print error to STDERR\n    echo \"error: The sandbox is not in sync with the Podfile.lock. Run 'pod install' or update your CocoaPods installation.\" >&2\n    exit 1\nfi\n# This output is used by Xcode 'outputs' to avoid re-running this script phase.\necho \"SUCCESS\" > \"${SCRIPT_OUTPUT_FILE_0}\"\n";
			showEnvVarsInLog = 0;
		};
/* End PBXShellScriptBuildPhase section */

/* Begin PBXSourcesBuildPhase section */
		29D905AF2123B86700C58406 /* Sources */ = {
			isa = PBXSourcesBuildPhase;
			buildActionMask = 2147483647;
			files = (
				29D90618212C75AE00C58406 /* LoginViewController.swift in Sources */,
				29D9060C212BCD9100C58406 /* Playback.swift in Sources */,
				29D90607212B83F300C58406 /* Artist.swift in Sources */,
				29D90603212AF27200C58406 /* SongWrapper.swift in Sources */,
				29D905F02123BB7900C58406 /* BridgeViewController.m in Sources */,
				29D9061B212C7CE500C58406 /* HomeViewController.swift in Sources */,
				29D905B92123B86700C58406 /* Top50ViewController.swift in Sources */,
				29D905B72123B86700C58406 /* AppDelegate.swift in Sources */,
				29D90609212B840900C58406 /* Album.swift in Sources */,
				29D90605212B825400C58406 /* Song.swift in Sources */,
			);
			runOnlyForDeploymentPostprocessing = 0;
		};
		29D905C32123B86A00C58406 /* Sources */ = {
			isa = PBXSourcesBuildPhase;
			buildActionMask = 2147483647;
			files = (
				29D905CC2123B86A00C58406 /* SpotifyHelperiOSTests.swift in Sources */,
			);
			runOnlyForDeploymentPostprocessing = 0;
		};
		29D905CE2123B86A00C58406 /* Sources */ = {
			isa = PBXSourcesBuildPhase;
			buildActionMask = 2147483647;
			files = (
				29D905D72123B86A00C58406 /* SpotifyHelperiOSUITests.swift in Sources */,
			);
			runOnlyForDeploymentPostprocessing = 0;
		};
/* End PBXSourcesBuildPhase section */

/* Begin PBXTargetDependency section */
		29D905C92123B86A00C58406 /* PBXTargetDependency */ = {
			isa = PBXTargetDependency;
			target = 29D905B22123B86700C58406 /* SpotifyHelperiOS */;
			targetProxy = 29D905C82123B86A00C58406 /* PBXContainerItemProxy */;
		};
		29D905D42123B86A00C58406 /* PBXTargetDependency */ = {
			isa = PBXTargetDependency;
			target = 29D905B22123B86700C58406 /* SpotifyHelperiOS */;
			targetProxy = 29D905D32123B86A00C58406 /* PBXContainerItemProxy */;
		};
/* End PBXTargetDependency section */

/* Begin PBXVariantGroup section */
		29D905BA2123B86700C58406 /* Main.storyboard */ = {
			isa = PBXVariantGroup;
			children = (
				29D905BB2123B86700C58406 /* Base */,
			);
			name = Main.storyboard;
			sourceTree = "<group>";
		};
		29D905BF2123B86A00C58406 /* LaunchScreen.storyboard */ = {
			isa = PBXVariantGroup;
			children = (
				29D905C02123B86A00C58406 /* Base */,
			);
			name = LaunchScreen.storyboard;
			sourceTree = "<group>";
		};
/* End PBXVariantGroup section */

/* Begin XCBuildConfiguration section */
		29D905D92123B86A00C58406 /* Debug */ = {
			isa = XCBuildConfiguration;
			buildSettings = {
				ALWAYS_SEARCH_USER_PATHS = NO;
				CLANG_ANALYZER_NONNULL = YES;
				CLANG_ANALYZER_NUMBER_OBJECT_CONVERSION = YES_AGGRESSIVE;
				CLANG_CXX_LANGUAGE_STANDARD = "gnu++14";
				CLANG_CXX_LIBRARY = "libc++";
				CLANG_ENABLE_MODULES = YES;
				CLANG_ENABLE_OBJC_ARC = YES;
				CLANG_ENABLE_OBJC_WEAK = YES;
				CLANG_WARN_BLOCK_CAPTURE_AUTORELEASING = YES;
				CLANG_WARN_BOOL_CONVERSION = YES;
				CLANG_WARN_COMMA = YES;
				CLANG_WARN_CONSTANT_CONVERSION = YES;
				CLANG_WARN_DEPRECATED_OBJC_IMPLEMENTATIONS = YES;
				CLANG_WARN_DIRECT_OBJC_ISA_USAGE = YES_ERROR;
				CLANG_WARN_DOCUMENTATION_COMMENTS = YES;
				CLANG_WARN_EMPTY_BODY = YES;
				CLANG_WARN_ENUM_CONVERSION = YES;
				CLANG_WARN_INFINITE_RECURSION = YES;
				CLANG_WARN_INT_CONVERSION = YES;
				CLANG_WARN_NON_LITERAL_NULL_CONVERSION = YES;
				CLANG_WARN_OBJC_IMPLICIT_RETAIN_SELF = YES;
				CLANG_WARN_OBJC_LITERAL_CONVERSION = YES;
				CLANG_WARN_OBJC_ROOT_CLASS = YES_ERROR;
				CLANG_WARN_RANGE_LOOP_ANALYSIS = YES;
				CLANG_WARN_STRICT_PROTOTYPES = YES;
				CLANG_WARN_SUSPICIOUS_MOVE = YES;
				CLANG_WARN_UNGUARDED_AVAILABILITY = YES_AGGRESSIVE;
				CLANG_WARN_UNREACHABLE_CODE = YES;
				CLANG_WARN__DUPLICATE_METHOD_MATCH = YES;
				CODE_SIGN_IDENTITY = "iPhone Developer";
				COPY_PHASE_STRIP = NO;
				DEBUG_INFORMATION_FORMAT = dwarf;
				ENABLE_STRICT_OBJC_MSGSEND = YES;
				ENABLE_TESTABILITY = YES;
				GCC_C_LANGUAGE_STANDARD = gnu11;
				GCC_DYNAMIC_NO_PIC = NO;
				GCC_NO_COMMON_BLOCKS = YES;
				GCC_OPTIMIZATION_LEVEL = 0;
				GCC_PREPROCESSOR_DEFINITIONS = (
					"DEBUG=1",
					"$(inherited)",
				);
				GCC_WARN_64_TO_32_BIT_CONVERSION = YES;
				GCC_WARN_ABOUT_RETURN_TYPE = YES_ERROR;
				GCC_WARN_UNDECLARED_SELECTOR = YES;
				GCC_WARN_UNINITIALIZED_AUTOS = YES_AGGRESSIVE;
				GCC_WARN_UNUSED_FUNCTION = YES;
				GCC_WARN_UNUSED_VARIABLE = YES;
				IPHONEOS_DEPLOYMENT_TARGET = 11.0;
				MTL_ENABLE_DEBUG_INFO = YES;
				ONLY_ACTIVE_ARCH = YES;
				SDKROOT = iphoneos;
				SWIFT_ACTIVE_COMPILATION_CONDITIONS = DEBUG;
				SWIFT_OPTIMIZATION_LEVEL = "-Onone";
			};
			name = Debug;
		};
		29D905DA2123B86A00C58406 /* Release */ = {
			isa = XCBuildConfiguration;
			buildSettings = {
				ALWAYS_SEARCH_USER_PATHS = NO;
				CLANG_ANALYZER_NONNULL = YES;
				CLANG_ANALYZER_NUMBER_OBJECT_CONVERSION = YES_AGGRESSIVE;
				CLANG_CXX_LANGUAGE_STANDARD = "gnu++14";
				CLANG_CXX_LIBRARY = "libc++";
				CLANG_ENABLE_MODULES = YES;
				CLANG_ENABLE_OBJC_ARC = YES;
				CLANG_ENABLE_OBJC_WEAK = YES;
				CLANG_WARN_BLOCK_CAPTURE_AUTORELEASING = YES;
				CLANG_WARN_BOOL_CONVERSION = YES;
				CLANG_WARN_COMMA = YES;
				CLANG_WARN_CONSTANT_CONVERSION = YES;
				CLANG_WARN_DEPRECATED_OBJC_IMPLEMENTATIONS = YES;
				CLANG_WARN_DIRECT_OBJC_ISA_USAGE = YES_ERROR;
				CLANG_WARN_DOCUMENTATION_COMMENTS = YES;
				CLANG_WARN_EMPTY_BODY = YES;
				CLANG_WARN_ENUM_CONVERSION = YES;
				CLANG_WARN_INFINITE_RECURSION = YES;
				CLANG_WARN_INT_CONVERSION = YES;
				CLANG_WARN_NON_LITERAL_NULL_CONVERSION = YES;
				CLANG_WARN_OBJC_IMPLICIT_RETAIN_SELF = YES;
				CLANG_WARN_OBJC_LITERAL_CONVERSION = YES;
				CLANG_WARN_OBJC_ROOT_CLASS = YES_ERROR;
				CLANG_WARN_RANGE_LOOP_ANALYSIS = YES;
				CLANG_WARN_STRICT_PROTOTYPES = YES;
				CLANG_WARN_SUSPICIOUS_MOVE = YES;
				CLANG_WARN_UNGUARDED_AVAILABILITY = YES_AGGRESSIVE;
				CLANG_WARN_UNREACHABLE_CODE = YES;
				CLANG_WARN__DUPLICATE_METHOD_MATCH = YES;
				CODE_SIGN_IDENTITY = "iPhone Developer";
				COPY_PHASE_STRIP = NO;
				DEBUG_INFORMATION_FORMAT = "dwarf-with-dsym";
				ENABLE_NS_ASSERTIONS = NO;
				ENABLE_STRICT_OBJC_MSGSEND = YES;
				GCC_C_LANGUAGE_STANDARD = gnu11;
				GCC_NO_COMMON_BLOCKS = YES;
				GCC_WARN_64_TO_32_BIT_CONVERSION = YES;
				GCC_WARN_ABOUT_RETURN_TYPE = YES_ERROR;
				GCC_WARN_UNDECLARED_SELECTOR = YES;
				GCC_WARN_UNINITIALIZED_AUTOS = YES_AGGRESSIVE;
				GCC_WARN_UNUSED_FUNCTION = YES;
				GCC_WARN_UNUSED_VARIABLE = YES;
				IPHONEOS_DEPLOYMENT_TARGET = 11.0;
				MTL_ENABLE_DEBUG_INFO = NO;
				SDKROOT = iphoneos;
				SWIFT_COMPILATION_MODE = wholemodule;
				SWIFT_OPTIMIZATION_LEVEL = "-O";
				VALIDATE_PRODUCT = YES;
			};
			name = Release;
		};
		29D905DC2123B86A00C58406 /* Debug */ = {
			isa = XCBuildConfiguration;
			baseConfigurationReference = 44712C629140AC9369EBE34C /* Pods-SpotifyHelperiOS.debug.xcconfig */;
			buildSettings = {
				ASSETCATALOG_COMPILER_APPICON_NAME = AppIcon;
				CLANG_ENABLE_MODULES = YES;
				CODE_SIGN_STYLE = Automatic;
				DEVELOPMENT_TEAM = 4NCQW7MT52;
				FRAMEWORK_SEARCH_PATHS = (
					"$(inherited)",
					"$(PROJECT_DIR)",
				);
				HEADER_SEARCH_PATHS = "$(SRCROOT)/Pods/**";
				INFOPLIST_FILE = SpotifyHelperiOS/Info.plist;
				LD_RUNPATH_SEARCH_PATHS = (
					"$(inherited)",
					"@executable_path/Frameworks",
				);
				OTHER_LDFLAGS = "$(inherited)";
				PRODUCT_BUNDLE_IDENTIFIER = com.techlabs.SpotifyHelperiOS;
				PRODUCT_NAME = "$(TARGET_NAME)";
				SWIFT_OBJC_BRIDGING_HEADER = "SpotifyHelperiOS/SpotifyHelperiOS-Bridging-Header.h";
				SWIFT_OPTIMIZATION_LEVEL = "-Onone";
				SWIFT_VERSION = 4.0;
				TARGETED_DEVICE_FAMILY = "1,2";
			};
			name = Debug;
		};
		29D905DD2123B86A00C58406 /* Release */ = {
			isa = XCBuildConfiguration;
			baseConfigurationReference = 5CF93048209AE9527D694751 /* Pods-SpotifyHelperiOS.release.xcconfig */;
			buildSettings = {
				ASSETCATALOG_COMPILER_APPICON_NAME = AppIcon;
				CLANG_ENABLE_MODULES = YES;
				CODE_SIGN_STYLE = Automatic;
				DEVELOPMENT_TEAM = 4NCQW7MT52;
				FRAMEWORK_SEARCH_PATHS = (
					"$(inherited)",
					"$(PROJECT_DIR)",
				);
				HEADER_SEARCH_PATHS = "$(SRCROOT)/Pods/**";
				INFOPLIST_FILE = SpotifyHelperiOS/Info.plist;
				LD_RUNPATH_SEARCH_PATHS = (
					"$(inherited)",
					"@executable_path/Frameworks",
				);
				OTHER_LDFLAGS = "$(inherited)";
				PRODUCT_BUNDLE_IDENTIFIER = com.techlabs.SpotifyHelperiOS;
				PRODUCT_NAME = "$(TARGET_NAME)";
				SWIFT_OBJC_BRIDGING_HEADER = "SpotifyHelperiOS/SpotifyHelperiOS-Bridging-Header.h";
				SWIFT_VERSION = 4.0;
				TARGETED_DEVICE_FAMILY = "1,2";
			};
			name = Release;
		};
		29D905DF2123B86A00C58406 /* Debug */ = {
			isa = XCBuildConfiguration;
			baseConfigurationReference = DCC94024BD99C06970651F54 /* Pods-SpotifyHelperiOSTests.debug.xcconfig */;
			buildSettings = {
				ALWAYS_EMBED_SWIFT_STANDARD_LIBRARIES = YES;
				BUNDLE_LOADER = "$(TEST_HOST)";
				CODE_SIGN_STYLE = Automatic;
				DEVELOPMENT_TEAM = 4NCQW7MT52;
				INFOPLIST_FILE = SpotifyHelperiOSTests/Info.plist;
				LD_RUNPATH_SEARCH_PATHS = (
					"$(inherited)",
					"@executable_path/Frameworks",
					"@loader_path/Frameworks",
				);
				PRODUCT_BUNDLE_IDENTIFIER = com.techlabs.SpotifyHelperiOSTests;
				PRODUCT_NAME = "$(TARGET_NAME)";
				SWIFT_VERSION = 4.0;
				TARGETED_DEVICE_FAMILY = "1,2";
				TEST_HOST = "$(BUILT_PRODUCTS_DIR)/SpotifyHelperiOS.app/SpotifyHelperiOS";
			};
			name = Debug;
		};
		29D905E02123B86A00C58406 /* Release */ = {
			isa = XCBuildConfiguration;
			baseConfigurationReference = 07CC0E535C03A02296EC5DCF /* Pods-SpotifyHelperiOSTests.release.xcconfig */;
			buildSettings = {
				ALWAYS_EMBED_SWIFT_STANDARD_LIBRARIES = YES;
				BUNDLE_LOADER = "$(TEST_HOST)";
				CODE_SIGN_STYLE = Automatic;
				DEVELOPMENT_TEAM = 4NCQW7MT52;
				INFOPLIST_FILE = SpotifyHelperiOSTests/Info.plist;
				LD_RUNPATH_SEARCH_PATHS = (
					"$(inherited)",
					"@executable_path/Frameworks",
					"@loader_path/Frameworks",
				);
				PRODUCT_BUNDLE_IDENTIFIER = com.techlabs.SpotifyHelperiOSTests;
				PRODUCT_NAME = "$(TARGET_NAME)";
				SWIFT_VERSION = 4.0;
				TARGETED_DEVICE_FAMILY = "1,2";
				TEST_HOST = "$(BUILT_PRODUCTS_DIR)/SpotifyHelperiOS.app/SpotifyHelperiOS";
			};
			name = Release;
		};
		29D905E22123B86A00C58406 /* Debug */ = {
			isa = XCBuildConfiguration;
			baseConfigurationReference = A1CD836A2F62B2D20355A2EA /* Pods-SpotifyHelperiOSUITests.debug.xcconfig */;
			buildSettings = {
				ALWAYS_EMBED_SWIFT_STANDARD_LIBRARIES = YES;
				CODE_SIGN_STYLE = Automatic;
				DEVELOPMENT_TEAM = 4NCQW7MT52;
				INFOPLIST_FILE = SpotifyHelperiOSUITests/Info.plist;
				LD_RUNPATH_SEARCH_PATHS = (
					"$(inherited)",
					"@executable_path/Frameworks",
					"@loader_path/Frameworks",
				);
				PRODUCT_BUNDLE_IDENTIFIER = com.techlabs.SpotifyHelperiOSUITests;
				PRODUCT_NAME = "$(TARGET_NAME)";
				SWIFT_VERSION = 4.0;
				TARGETED_DEVICE_FAMILY = "1,2";
				TEST_TARGET_NAME = SpotifyHelperiOS;
			};
			name = Debug;
		};
		29D905E32123B86A00C58406 /* Release */ = {
			isa = XCBuildConfiguration;
			baseConfigurationReference = DE758F88CED0E185AC8D81F2 /* Pods-SpotifyHelperiOSUITests.release.xcconfig */;
			buildSettings = {
				ALWAYS_EMBED_SWIFT_STANDARD_LIBRARIES = YES;
				CODE_SIGN_STYLE = Automatic;
				DEVELOPMENT_TEAM = 4NCQW7MT52;
				INFOPLIST_FILE = SpotifyHelperiOSUITests/Info.plist;
				LD_RUNPATH_SEARCH_PATHS = (
					"$(inherited)",
					"@executable_path/Frameworks",
					"@loader_path/Frameworks",
				);
				PRODUCT_BUNDLE_IDENTIFIER = com.techlabs.SpotifyHelperiOSUITests;
				PRODUCT_NAME = "$(TARGET_NAME)";
				SWIFT_VERSION = 4.0;
				TARGETED_DEVICE_FAMILY = "1,2";
				TEST_TARGET_NAME = SpotifyHelperiOS;
			};
			name = Release;
		};
/* End XCBuildConfiguration section */

/* Begin XCConfigurationList section */
		29D905AE2123B86700C58406 /* Build configuration list for PBXProject "SpotifyHelperiOS" */ = {
			isa = XCConfigurationList;
			buildConfigurations = (
				29D905D92123B86A00C58406 /* Debug */,
				29D905DA2123B86A00C58406 /* Release */,
			);
			defaultConfigurationIsVisible = 0;
			defaultConfigurationName = Release;
		};
		29D905DB2123B86A00C58406 /* Build configuration list for PBXNativeTarget "SpotifyHelperiOS" */ = {
			isa = XCConfigurationList;
			buildConfigurations = (
				29D905DC2123B86A00C58406 /* Debug */,
				29D905DD2123B86A00C58406 /* Release */,
			);
			defaultConfigurationIsVisible = 0;
			defaultConfigurationName = Release;
		};
		29D905DE2123B86A00C58406 /* Build configuration list for PBXNativeTarget "SpotifyHelperiOSTests" */ = {
			isa = XCConfigurationList;
			buildConfigurations = (
				29D905DF2123B86A00C58406 /* Debug */,
				29D905E02123B86A00C58406 /* Release */,
			);
			defaultConfigurationIsVisible = 0;
			defaultConfigurationName = Release;
		};
		29D905E12123B86A00C58406 /* Build configuration list for PBXNativeTarget "SpotifyHelperiOSUITests" */ = {
			isa = XCConfigurationList;
			buildConfigurations = (
				29D905E22123B86A00C58406 /* Debug */,
				29D905E32123B86A00C58406 /* Release */,
			);
			defaultConfigurationIsVisible = 0;
			defaultConfigurationName = Release;
		};
/* End XCConfigurationList section */
	};
	rootObject = 29D905AB2123B86700C58406 /* Project object */;
}
